
Microsoft Visual Studio Solution File, Format Version 12.00
# Visual Studio 15
VisualStudioVersion = 15.0.28307.572
MinimumVisualStudioVersion = 10.0.40219.1
Project("{FAE04EC0-301F-11D3-BF4B-00C04F79EFBC}") = "SqlBulkCopyCat.Tests", "SqlBulkCopyCat.Tests\SqlBulkCopyCat.Tests.csproj", "{A7BFD247-B5B7-4C59-894A-ACA29B4E2976}"
EndProject
Project("{2150E333-8FDC-42A3-9474-1A3956D46DE8}") = "Solution Items", "Solution Items", "{D64FA273-A173-4365-B772-4AAF40636817}"
	ProjectSection(SolutionItems) = preProject
		README.md = README.md
		Assets\SqlBulkCopyCatScaled64x64.png = Assets\SqlBulkCopyCatScaled64x64.png
	EndProjectSection
EndProject
Project("{FAE04EC0-301F-11D3-BF4B-00C04F79EFBC}") = "SqlBulkCopyCat", "SqlBulkCopyCat\SqlBulkCopyCat.csproj", "{B14896F8-6664-47A0-971B-51FA3E3CE7ED}"
EndProject
Global
	GlobalSection(SolutionConfigurationPlatforms) = preSolution
		Debug|Any CPU = Debug|Any CPU
		Release|Any CPU = Release|Any CPU
	EndGlobalSection
	GlobalSection(ProjectConfigurationPlatforms) = postSolution
		{A7BFD247-B5B7-4C59-894A-ACA29B4E2976}.Debug|Any CPU.ActiveCfg = Debug|Any CPU
		{A7BFD247-B5B7-4C59-894A-ACA29B4E2976}.Debug|Any CPU.Build.0 = Debug|Any CPU
		{A7BFD247-B5B7-4C59-894A-ACA29B4E2976}.Release|Any CPU.ActiveCfg = Release|Any CPU
		{A7BFD247-B5B7-4C59-894A-ACA29B4E2976}.Release|Any CPU.Build.0 = Release|Any CPU
		{B14896F8-6664-47A0-971B-51FA3E3CE7ED}.Debug|Any CPU.ActiveCfg = Debug|Any CPU
		{B14896F8-6664-47A0-971B-51FA3E3CE7ED}.Debug|Any CPU.Build.0 = Debug|Any CPU
		{B14896F8-6664-47A0-971B-51FA3E3CE7ED}.Release|Any CPU.ActiveCfg = Release|Any CPU
		{B14896F8-6664-47A0-971B-51FA3E3CE7ED}.Release|Any CPU.Build.0 = Release|Any CPU
	EndGlobalSection
	GlobalSection(SolutionProperties) = preSolution
		HideSolutionNode = FALSE
	EndGlobalSection
	GlobalSection(ExtensibilityGlobals) = postSolution
		SolutionGuid = {18427E63-76B9-42A6-B336-99E21C401D75}
	EndGlobalSection
EndGlobal
